
Microsoft Visual Studio Solution File, Format Version 12.00
# Visual Studio Version 17
VisualStudioVersion = 17.4.33213.308
MinimumVisualStudioVersion = 10.0.40219.1
Project("{FAE04EC0-301F-11D3-BF4B-00C04F79EFBC}") = "Obliga4", "Obliga4\Obliga4.csproj", "{7DD8BF01-AFF3-4069-8A3E-E5B4292AFC82}"
EndProject
Project("{FAE04EC0-301F-11D3-BF4B-00C04F79EFBC}") = "Obliga4Tests", "Obliga4Tests\Obliga4Tests.csproj", "{047AB5FE-662C-472F-917A-ADDB1C729AC1}"
EndProject
Global
	GlobalSection(SolutionConfigurationPlatforms) = preSolution
		Debug|Any CPU = Debug|Any CPU
		Release|Any CPU = Release|Any CPU
	EndGlobalSection
	GlobalSection(ProjectConfigurationPlatforms) = postSolution
		{7DD8BF01-AFF3-4069-8A3E-E5B4292AFC82}.Debug|Any CPU.ActiveCfg = Debug|Any CPU
		{7DD8BF01-AFF3-4069-8A3E-E5B4292AFC82}.Debug|Any CPU.Build.0 = Debug|Any CPU
		{7DD8BF01-AFF3-4069-8A3E-E5B4292AFC82}.Release|Any CPU.ActiveCfg = Release|Any CPU
		{7DD8BF01-AFF3-4069-8A3E-E5B4292AFC82}.Release|Any CPU.Build.0 = Release|Any CPU
		{047AB5FE-662C-472F-917A-ADDB1C729AC1}.Debug|Any CPU.ActiveCfg = Debug|Any CPU
		{047AB5FE-662C-472F-917A-ADDB1C729AC1}.Debug|Any CPU.Build.0 = Debug|Any CPU
		{047AB5FE-662C-472F-917A-ADDB1C729AC1}.Release|Any CPU.ActiveCfg = Release|Any CPU
		{047AB5FE-662C-472F-917A-ADDB1C729AC1}.Release|Any CPU.Build.0 = Release|Any CPU
	EndGlobalSection
	GlobalSection(SolutionProperties) = preSolution
		HideSolutionNode = FALSE
	EndGlobalSection
	GlobalSection(ExtensibilityGlobals) = postSolution
		SolutionGuid = {BA651AAC-8ED0-4894-B5C0-4BBA37B14DD1}
	EndGlobalSection
EndGlobal
